
Microsoft Visual Studio Solution File, Format Version 12.00
# Visual Studio Version 17
VisualStudioVersion = 17.10.34928.147
MinimumVisualStudioVersion = 10.0.40219.1
Project("{9A19103F-16F7-4668-BE54-9A1E7A4F7556}") = "MyKet.Server", "MyKet.Server\MyKet.Server.csproj", "{69CF0AE4-C327-4155-A57C-2C23235DBD64}"
EndProject
Project("{FAE04EC0-301F-11D3-BF4B-00C04F79EFBC}") = "MyKet.Data", "MyKet.Data\MyKet.Data.csproj", "{616C9357-2A59-4475-A04B-ADE7D2BBBB9C}"
EndProject
Global
	GlobalSection(SolutionConfigurationPlatforms) = preSolution
		Debug|Any CPU = Debug|Any CPU
		Release|Any CPU = Release|Any CPU
	EndGlobalSection
	GlobalSection(ProjectConfigurationPlatforms) = postSolution
		{69CF0AE4-C327-4155-A57C-2C23235DBD64}.Debug|Any CPU.ActiveCfg = Debug|Any CPU
		{69CF0AE4-C327-4155-A57C-2C23235DBD64}.Debug|Any CPU.Build.0 = Debug|Any CPU
		{69CF0AE4-C327-4155-A57C-2C23235DBD64}.Release|Any CPU.ActiveCfg = Release|Any CPU
		{69CF0AE4-C327-4155-A57C-2C23235DBD64}.Release|Any CPU.Build.0 = Release|Any CPU
		{616C9357-2A59-4475-A04B-ADE7D2BBBB9C}.Debug|Any CPU.ActiveCfg = Debug|Any CPU
		{616C9357-2A59-4475-A04B-ADE7D2BBBB9C}.Debug|Any CPU.Build.0 = Debug|Any CPU
		{616C9357-2A59-4475-A04B-ADE7D2BBBB9C}.Release|Any CPU.ActiveCfg = Release|Any CPU
		{616C9357-2A59-4475-A04B-ADE7D2BBBB9C}.Release|Any CPU.Build.0 = Release|Any CPU
	EndGlobalSection
	GlobalSection(SolutionProperties) = preSolution
		HideSolutionNode = FALSE
	EndGlobalSection
	GlobalSection(ExtensibilityGlobals) = postSolution
		SolutionGuid = {AFACC580-6140-4722-95FC-853752E6FFE1}
	EndGlobalSection
EndGlobal
